
Microsoft Visual Studio Solution File, Format Version 12.00
# Visual Studio 15
VisualStudioVersion = 15.0.28307.438
MinimumVisualStudioVersion = 10.0.40219.1
Project("{2150E333-8FDC-42A3-9474-1A3956D46DE8}") = "1. Service Domain Desafio", "1. Service Domain Desafio", "{1A7A4170-DB84-4ADD-9F69-9CBF5EF7E961}"
EndProject
Project("{2150E333-8FDC-42A3-9474-1A3956D46DE8}") = "1. Host Layer", "1. Host Layer", "{3C8CD6C2-530A-4E37-AF32-DD6E3DE40770}"
EndProject
Project("{2150E333-8FDC-42A3-9474-1A3956D46DE8}") = "1. WebApi", "1. WebApi", "{11F80262-A3FB-4C03-BBFE-97B933EC6FD8}"
EndProject
Project("{FAE04EC0-301F-11D3-BF4B-00C04F79EFBC}") = "Desafio.Host.WebApi", "Desafio.Host.WebApi\Desafio.Host.WebApi.csproj", "{B273A04B-62D3-4788-9EE8-CE4A10C4B177}"
EndProject
Global
	GlobalSection(SolutionConfigurationPlatforms) = preSolution
		Debug|Any CPU = Debug|Any CPU
		Release|Any CPU = Release|Any CPU
	EndGlobalSection
	GlobalSection(ProjectConfigurationPlatforms) = postSolution
		{B273A04B-62D3-4788-9EE8-CE4A10C4B177}.Debug|Any CPU.ActiveCfg = Debug|Any CPU
		{B273A04B-62D3-4788-9EE8-CE4A10C4B177}.Debug|Any CPU.Build.0 = Debug|Any CPU
		{B273A04B-62D3-4788-9EE8-CE4A10C4B177}.Release|Any CPU.ActiveCfg = Release|Any CPU
		{B273A04B-62D3-4788-9EE8-CE4A10C4B177}.Release|Any CPU.Build.0 = Release|Any CPU
	EndGlobalSection
	GlobalSection(SolutionProperties) = preSolution
		HideSolutionNode = FALSE
	EndGlobalSection
	GlobalSection(NestedProjects) = preSolution
		{3C8CD6C2-530A-4E37-AF32-DD6E3DE40770} = {1A7A4170-DB84-4ADD-9F69-9CBF5EF7E961}
		{11F80262-A3FB-4C03-BBFE-97B933EC6FD8} = {3C8CD6C2-530A-4E37-AF32-DD6E3DE40770}
		{B273A04B-62D3-4788-9EE8-CE4A10C4B177} = {11F80262-A3FB-4C03-BBFE-97B933EC6FD8}
	EndGlobalSection
	GlobalSection(ExtensibilityGlobals) = postSolution
		SolutionGuid = {4E1F8654-4D5C-4703-9590-079BE68E0864}
	EndGlobalSection
EndGlobal
