
Microsoft Visual Studio Solution File, Format Version 12.00
# Visual Studio 15
VisualStudioVersion = 15.0.28307.438
MinimumVisualStudioVersion = 10.0.40219.1
Project("{2150E333-8FDC-42A3-9474-1A3956D46DE8}") = "1. Service Domain Desafio", "1. Service Domain Desafio", "{1A7A4170-DB84-4ADD-9F69-9CBF5EF7E961}"
EndProject
Project("{2150E333-8FDC-42A3-9474-1A3956D46DE8}") = "1. Host Layer", "1. Host Layer", "{3C8CD6C2-530A-4E37-AF32-DD6E3DE40770}"
EndProject
Project("{2150E333-8FDC-42A3-9474-1A3956D46DE8}") = "1. WebApi", "1. WebApi", "{11F80262-A3FB-4C03-BBFE-97B933EC6FD8}"
EndProject
Project("{FAE04EC0-301F-11D3-BF4B-00C04F79EFBC}") = "Desafio.Host.WebApi", "Desafio.Host.WebApi\Desafio.Host.WebApi.csproj", "{B273A04B-62D3-4788-9EE8-CE4A10C4B177}"
EndProject
Project("{2150E333-8FDC-42A3-9474-1A3956D46DE8}") = "2. Application Layer", "2. Application Layer", "{923FD4FE-59BC-4705-AB2D-65F927BACF2D}"
EndProject
Project("{2150E333-8FDC-42A3-9474-1A3956D46DE8}") = "3. Domais Layer", "3. Domais Layer", "{64D421B3-2A37-44DB-9227-0EC34C5703B9}"
EndProject
Project("{2150E333-8FDC-42A3-9474-1A3956D46DE8}") = "4. Infrastructure Layer", "4. Infrastructure Layer", "{2AAEE725-905E-489C-A770-F82E5D20CEFD}"
EndProject
Project("{2150E333-8FDC-42A3-9474-1A3956D46DE8}") = "5. Test Layer", "5. Test Layer", "{015F7542-A392-4CE6-B6F8-1228D1F0E829}"
EndProject
Project("{2150E333-8FDC-42A3-9474-1A3956D46DE8}") = "1. Mappers", "1. Mappers", "{D262EDE0-123C-45FF-A1C0-A71D2ECC9905}"
EndProject
Project("{2150E333-8FDC-42A3-9474-1A3956D46DE8}") = "2. Services", "2. Services", "{1D263917-867D-4A41-A1BD-AF60F47A38B6}"
EndProject
Project("{2150E333-8FDC-42A3-9474-1A3956D46DE8}") = "3. Messages", "3. Messages", "{5C229BA6-E58B-4CCE-B4BD-A100CC287244}"
EndProject
Project("{2150E333-8FDC-42A3-9474-1A3956D46DE8}") = "1. Contracts", "1. Contracts", "{2E828E4E-9603-48DB-B1A4-C5A75796CBFC}"
EndProject
Project("{2150E333-8FDC-42A3-9474-1A3956D46DE8}") = "2. Implementations", "2. Implementations", "{D8BCA072-D0EB-409D-AF0D-835EE1B9CF08}"
EndProject
Project("{2150E333-8FDC-42A3-9474-1A3956D46DE8}") = "3. Data Transfer Object", "3. Data Transfer Object", "{1C84E559-BE9C-4D01-B6A3-4BB46486903E}"
EndProject
Project("{2150E333-8FDC-42A3-9474-1A3956D46DE8}") = "Models", "Models", "{64106A09-1075-459C-A254-8B9B1E9AE85E}"
EndProject
Project("{2150E333-8FDC-42A3-9474-1A3956D46DE8}") = "1. Data", "1. Data", "{B9116780-1002-4CDF-B2E6-E64388B45AF1}"
EndProject
Project("{2150E333-8FDC-42A3-9474-1A3956D46DE8}") = "2. Cross Cutting", "2. Cross Cutting", "{4C7D4E2C-97FF-419F-B539-59267278087D}"
EndProject
Project("{FAE04EC0-301F-11D3-BF4B-00C04F79EFBC}") = "Desafio.Application.Services.Mappers", "Desafio.Application.Services.Mappers\Desafio.Application.Services.Mappers.csproj", "{C98F6FC2-F09D-47CD-99F2-F825055FD62A}"
EndProject
Project("{FAE04EC0-301F-11D3-BF4B-00C04F79EFBC}") = "Desafio.Application.Services", "Desafio.Application.Services\Desafio.Application.Services.csproj", "{715D1A77-3E73-400C-AB20-34936C78A839}"
EndProject
Project("{FAE04EC0-301F-11D3-BF4B-00C04F79EFBC}") = "Desafio.Application.Services.Imp", "Desafio.Application.Services.Imp\Desafio.Application.Services.Imp.csproj", "{102819F6-93C9-4E49-A899-469A7070C65D}"
EndProject
Project("{FAE04EC0-301F-11D3-BF4B-00C04F79EFBC}") = "Desafio.Application.Services.Messages", "Desafio.Application.Services.Messages\Desafio.Application.Services.Messages.csproj", "{3BEAE348-4932-411A-AEC3-82F27CFF24C1}"
EndProject
Project("{FAE04EC0-301F-11D3-BF4B-00C04F79EFBC}") = "Desafio.Domain.Services.Entity", "Desafio.Domain.Services.Entity\Desafio.Domain.Services.Entity.csproj", "{9DE52771-9B11-466D-8CFF-F7A29BB90F53}"
EndProject
Project("{FAE04EC0-301F-11D3-BF4B-00C04F79EFBC}") = "Desafio.Domain.Services.Task", "Desafio.Domain.Services.Task\Desafio.Domain.Services.Task.csproj", "{01DCCCA0-C9C0-4FC4-AFBD-9EE834D5D5AA}"
EndProject
Project("{FAE04EC0-301F-11D3-BF4B-00C04F79EFBC}") = "Desafio.Domain.Services.Entity.Imp", "Desafio.Domain.Services.Entity.Imp\Desafio.Domain.Services.Entity.Imp.csproj", "{759BAB60-CECA-474A-9652-9F51A20A4CD9}"
EndProject
Project("{FAE04EC0-301F-11D3-BF4B-00C04F79EFBC}") = "Desafio.Domain.Services.Task.Imp", "Desafio.Domain.Services.Task.Imp\Desafio.Domain.Services.Task.Imp.csproj", "{DC6C3715-378B-4610-9E26-E32C8F865A62}"
EndProject
Project("{FAE04EC0-301F-11D3-BF4B-00C04F79EFBC}") = "Desafio.Domain.Services.Dto", "Desafio.Domain.Services.Dto\Desafio.Domain.Services.Dto.csproj", "{0811944F-5EB5-4A2D-8B24-9361D695AF17}"
EndProject
Project("{FAE04EC0-301F-11D3-BF4B-00C04F79EFBC}") = "Desafio.Domain.Models", "Desafio.Domain.Models\Desafio.Domain.Models.csproj", "{A44DF6CA-D511-42C6-AFE7-B285402B64A7}"
EndProject
Project("{FAE04EC0-301F-11D3-BF4B-00C04F79EFBC}") = "Desafio.Infra.CrossCutting.DI", "Desafio.Infra.CrossCutting.DI\Desafio.Infra.CrossCutting.DI.csproj", "{1BC94E6D-1944-488F-9B72-E33B1D3041A9}"
EndProject
Project("{FAE04EC0-301F-11D3-BF4B-00C04F79EFBC}") = "Desafio.UnitTest", "Desafio.UnitTest\Desafio.UnitTest.csproj", "{1106B5D7-EC79-4CD0-9231-FACD53B0562B}"
EndProject
Project("{FAE04EC0-301F-11D3-BF4B-00C04F79EFBC}") = "Desafio.Infra.DataAcess", "Desafio.Infra.DataAcess\Desafio.Infra.DataAcess.csproj", "{C624D7C2-BC58-4166-A5AE-4356CE8CFA73}"
EndProject
Global
	GlobalSection(SolutionConfigurationPlatforms) = preSolution
		Debug|Any CPU = Debug|Any CPU
		Release|Any CPU = Release|Any CPU
	EndGlobalSection
	GlobalSection(ProjectConfigurationPlatforms) = postSolution
		{B273A04B-62D3-4788-9EE8-CE4A10C4B177}.Debug|Any CPU.ActiveCfg = Debug|Any CPU
		{B273A04B-62D3-4788-9EE8-CE4A10C4B177}.Debug|Any CPU.Build.0 = Debug|Any CPU
		{B273A04B-62D3-4788-9EE8-CE4A10C4B177}.Release|Any CPU.ActiveCfg = Release|Any CPU
		{B273A04B-62D3-4788-9EE8-CE4A10C4B177}.Release|Any CPU.Build.0 = Release|Any CPU
		{C98F6FC2-F09D-47CD-99F2-F825055FD62A}.Debug|Any CPU.ActiveCfg = Debug|Any CPU
		{C98F6FC2-F09D-47CD-99F2-F825055FD62A}.Debug|Any CPU.Build.0 = Debug|Any CPU
		{C98F6FC2-F09D-47CD-99F2-F825055FD62A}.Release|Any CPU.ActiveCfg = Release|Any CPU
		{C98F6FC2-F09D-47CD-99F2-F825055FD62A}.Release|Any CPU.Build.0 = Release|Any CPU
		{715D1A77-3E73-400C-AB20-34936C78A839}.Debug|Any CPU.ActiveCfg = Debug|Any CPU
		{715D1A77-3E73-400C-AB20-34936C78A839}.Debug|Any CPU.Build.0 = Debug|Any CPU
		{715D1A77-3E73-400C-AB20-34936C78A839}.Release|Any CPU.ActiveCfg = Release|Any CPU
		{715D1A77-3E73-400C-AB20-34936C78A839}.Release|Any CPU.Build.0 = Release|Any CPU
		{102819F6-93C9-4E49-A899-469A7070C65D}.Debug|Any CPU.ActiveCfg = Debug|Any CPU
		{102819F6-93C9-4E49-A899-469A7070C65D}.Debug|Any CPU.Build.0 = Debug|Any CPU
		{102819F6-93C9-4E49-A899-469A7070C65D}.Release|Any CPU.ActiveCfg = Release|Any CPU
		{102819F6-93C9-4E49-A899-469A7070C65D}.Release|Any CPU.Build.0 = Release|Any CPU
		{3BEAE348-4932-411A-AEC3-82F27CFF24C1}.Debug|Any CPU.ActiveCfg = Debug|Any CPU
		{3BEAE348-4932-411A-AEC3-82F27CFF24C1}.Debug|Any CPU.Build.0 = Debug|Any CPU
		{3BEAE348-4932-411A-AEC3-82F27CFF24C1}.Release|Any CPU.ActiveCfg = Release|Any CPU
		{3BEAE348-4932-411A-AEC3-82F27CFF24C1}.Release|Any CPU.Build.0 = Release|Any CPU
		{9DE52771-9B11-466D-8CFF-F7A29BB90F53}.Debug|Any CPU.ActiveCfg = Debug|Any CPU
		{9DE52771-9B11-466D-8CFF-F7A29BB90F53}.Debug|Any CPU.Build.0 = Debug|Any CPU
		{9DE52771-9B11-466D-8CFF-F7A29BB90F53}.Release|Any CPU.ActiveCfg = Release|Any CPU
		{9DE52771-9B11-466D-8CFF-F7A29BB90F53}.Release|Any CPU.Build.0 = Release|Any CPU
		{01DCCCA0-C9C0-4FC4-AFBD-9EE834D5D5AA}.Debug|Any CPU.ActiveCfg = Debug|Any CPU
		{01DCCCA0-C9C0-4FC4-AFBD-9EE834D5D5AA}.Debug|Any CPU.Build.0 = Debug|Any CPU
		{01DCCCA0-C9C0-4FC4-AFBD-9EE834D5D5AA}.Release|Any CPU.ActiveCfg = Release|Any CPU
		{01DCCCA0-C9C0-4FC4-AFBD-9EE834D5D5AA}.Release|Any CPU.Build.0 = Release|Any CPU
		{759BAB60-CECA-474A-9652-9F51A20A4CD9}.Debug|Any CPU.ActiveCfg = Debug|Any CPU
		{759BAB60-CECA-474A-9652-9F51A20A4CD9}.Debug|Any CPU.Build.0 = Debug|Any CPU
		{759BAB60-CECA-474A-9652-9F51A20A4CD9}.Release|Any CPU.ActiveCfg = Release|Any CPU
		{759BAB60-CECA-474A-9652-9F51A20A4CD9}.Release|Any CPU.Build.0 = Release|Any CPU
		{DC6C3715-378B-4610-9E26-E32C8F865A62}.Debug|Any CPU.ActiveCfg = Debug|Any CPU
		{DC6C3715-378B-4610-9E26-E32C8F865A62}.Debug|Any CPU.Build.0 = Debug|Any CPU
		{DC6C3715-378B-4610-9E26-E32C8F865A62}.Release|Any CPU.ActiveCfg = Release|Any CPU
		{DC6C3715-378B-4610-9E26-E32C8F865A62}.Release|Any CPU.Build.0 = Release|Any CPU
		{0811944F-5EB5-4A2D-8B24-9361D695AF17}.Debug|Any CPU.ActiveCfg = Debug|Any CPU
		{0811944F-5EB5-4A2D-8B24-9361D695AF17}.Debug|Any CPU.Build.0 = Debug|Any CPU
		{0811944F-5EB5-4A2D-8B24-9361D695AF17}.Release|Any CPU.ActiveCfg = Release|Any CPU
		{0811944F-5EB5-4A2D-8B24-9361D695AF17}.Release|Any CPU.Build.0 = Release|Any CPU
		{A44DF6CA-D511-42C6-AFE7-B285402B64A7}.Debug|Any CPU.ActiveCfg = Debug|Any CPU
		{A44DF6CA-D511-42C6-AFE7-B285402B64A7}.Debug|Any CPU.Build.0 = Debug|Any CPU
		{A44DF6CA-D511-42C6-AFE7-B285402B64A7}.Release|Any CPU.ActiveCfg = Release|Any CPU
		{A44DF6CA-D511-42C6-AFE7-B285402B64A7}.Release|Any CPU.Build.0 = Release|Any CPU
		{1BC94E6D-1944-488F-9B72-E33B1D3041A9}.Debug|Any CPU.ActiveCfg = Debug|Any CPU
		{1BC94E6D-1944-488F-9B72-E33B1D3041A9}.Debug|Any CPU.Build.0 = Debug|Any CPU
		{1BC94E6D-1944-488F-9B72-E33B1D3041A9}.Release|Any CPU.ActiveCfg = Release|Any CPU
		{1BC94E6D-1944-488F-9B72-E33B1D3041A9}.Release|Any CPU.Build.0 = Release|Any CPU
		{1106B5D7-EC79-4CD0-9231-FACD53B0562B}.Debug|Any CPU.ActiveCfg = Debug|Any CPU
		{1106B5D7-EC79-4CD0-9231-FACD53B0562B}.Debug|Any CPU.Build.0 = Debug|Any CPU
		{1106B5D7-EC79-4CD0-9231-FACD53B0562B}.Release|Any CPU.ActiveCfg = Release|Any CPU
		{1106B5D7-EC79-4CD0-9231-FACD53B0562B}.Release|Any CPU.Build.0 = Release|Any CPU
		{C624D7C2-BC58-4166-A5AE-4356CE8CFA73}.Debug|Any CPU.ActiveCfg = Debug|Any CPU
		{C624D7C2-BC58-4166-A5AE-4356CE8CFA73}.Debug|Any CPU.Build.0 = Debug|Any CPU
		{C624D7C2-BC58-4166-A5AE-4356CE8CFA73}.Release|Any CPU.ActiveCfg = Release|Any CPU
		{C624D7C2-BC58-4166-A5AE-4356CE8CFA73}.Release|Any CPU.Build.0 = Release|Any CPU
	EndGlobalSection
	GlobalSection(SolutionProperties) = preSolution
		HideSolutionNode = FALSE
	EndGlobalSection
	GlobalSection(NestedProjects) = preSolution
		{3C8CD6C2-530A-4E37-AF32-DD6E3DE40770} = {1A7A4170-DB84-4ADD-9F69-9CBF5EF7E961}
		{11F80262-A3FB-4C03-BBFE-97B933EC6FD8} = {3C8CD6C2-530A-4E37-AF32-DD6E3DE40770}
		{B273A04B-62D3-4788-9EE8-CE4A10C4B177} = {11F80262-A3FB-4C03-BBFE-97B933EC6FD8}
		{923FD4FE-59BC-4705-AB2D-65F927BACF2D} = {1A7A4170-DB84-4ADD-9F69-9CBF5EF7E961}
		{64D421B3-2A37-44DB-9227-0EC34C5703B9} = {1A7A4170-DB84-4ADD-9F69-9CBF5EF7E961}
		{2AAEE725-905E-489C-A770-F82E5D20CEFD} = {1A7A4170-DB84-4ADD-9F69-9CBF5EF7E961}
		{015F7542-A392-4CE6-B6F8-1228D1F0E829} = {1A7A4170-DB84-4ADD-9F69-9CBF5EF7E961}
		{D262EDE0-123C-45FF-A1C0-A71D2ECC9905} = {923FD4FE-59BC-4705-AB2D-65F927BACF2D}
		{1D263917-867D-4A41-A1BD-AF60F47A38B6} = {923FD4FE-59BC-4705-AB2D-65F927BACF2D}
		{5C229BA6-E58B-4CCE-B4BD-A100CC287244} = {923FD4FE-59BC-4705-AB2D-65F927BACF2D}
		{2E828E4E-9603-48DB-B1A4-C5A75796CBFC} = {64D421B3-2A37-44DB-9227-0EC34C5703B9}
		{D8BCA072-D0EB-409D-AF0D-835EE1B9CF08} = {64D421B3-2A37-44DB-9227-0EC34C5703B9}
		{1C84E559-BE9C-4D01-B6A3-4BB46486903E} = {64D421B3-2A37-44DB-9227-0EC34C5703B9}
		{64106A09-1075-459C-A254-8B9B1E9AE85E} = {64D421B3-2A37-44DB-9227-0EC34C5703B9}
		{B9116780-1002-4CDF-B2E6-E64388B45AF1} = {2AAEE725-905E-489C-A770-F82E5D20CEFD}
		{4C7D4E2C-97FF-419F-B539-59267278087D} = {2AAEE725-905E-489C-A770-F82E5D20CEFD}
		{C98F6FC2-F09D-47CD-99F2-F825055FD62A} = {D262EDE0-123C-45FF-A1C0-A71D2ECC9905}
		{715D1A77-3E73-400C-AB20-34936C78A839} = {1D263917-867D-4A41-A1BD-AF60F47A38B6}
		{102819F6-93C9-4E49-A899-469A7070C65D} = {1D263917-867D-4A41-A1BD-AF60F47A38B6}
		{3BEAE348-4932-411A-AEC3-82F27CFF24C1} = {5C229BA6-E58B-4CCE-B4BD-A100CC287244}
		{9DE52771-9B11-466D-8CFF-F7A29BB90F53} = {2E828E4E-9603-48DB-B1A4-C5A75796CBFC}
		{01DCCCA0-C9C0-4FC4-AFBD-9EE834D5D5AA} = {2E828E4E-9603-48DB-B1A4-C5A75796CBFC}
		{759BAB60-CECA-474A-9652-9F51A20A4CD9} = {D8BCA072-D0EB-409D-AF0D-835EE1B9CF08}
		{DC6C3715-378B-4610-9E26-E32C8F865A62} = {D8BCA072-D0EB-409D-AF0D-835EE1B9CF08}
		{0811944F-5EB5-4A2D-8B24-9361D695AF17} = {1C84E559-BE9C-4D01-B6A3-4BB46486903E}
		{A44DF6CA-D511-42C6-AFE7-B285402B64A7} = {64106A09-1075-459C-A254-8B9B1E9AE85E}
		{1BC94E6D-1944-488F-9B72-E33B1D3041A9} = {4C7D4E2C-97FF-419F-B539-59267278087D}
		{1106B5D7-EC79-4CD0-9231-FACD53B0562B} = {015F7542-A392-4CE6-B6F8-1228D1F0E829}
		{C624D7C2-BC58-4166-A5AE-4356CE8CFA73} = {B9116780-1002-4CDF-B2E6-E64388B45AF1}
	EndGlobalSection
	GlobalSection(ExtensibilityGlobals) = postSolution
		SolutionGuid = {4E1F8654-4D5C-4703-9590-079BE68E0864}
	EndGlobalSection
EndGlobal
